
Microsoft Visual Studio Solution File, Format Version 12.00
# Visual Studio Version 17
VisualStudioVersion = 17.4.33110.190
MinimumVisualStudioVersion = 10.0.40219.1
Project("{FAE04EC0-301F-11D3-BF4B-00C04F79EFBC}") = "UP 6.1 Console One_Dimensional", "UP 6.1 Console\UP 6.1 Console One_Dimensional.csproj", "{168A3D5A-92F9-4F69-A50A-82CF1E20DA32}"
EndProject
Project("{FAE04EC0-301F-11D3-BF4B-00C04F79EFBC}") = "UP 6.1 Console Two-Dimensional", "UP 6.1 Console Two-Dimensional\UP 6.1 Console Two-Dimensional.csproj", "{D63FDC3B-8388-4BA3-8F43-86F199451874}"
EndProject
Project("{FAE04EC0-301F-11D3-BF4B-00C04F79EFBC}") = "UP 6.2 Console", "UP 6.2 Console\UP 6.2 Console.csproj", "{A47ABB73-D0D2-408B-A59E-3A41BA32ABFB}"
EndProject
Project("{FAE04EC0-301F-11D3-BF4B-00C04F79EFBC}") = "UP 6.3 Console", "UP 6.3 Console\UP 6.3 Console.csproj", "{982D42E8-A202-48BF-A26D-E57EC11878FD}"
EndProject
Global
	GlobalSection(SolutionConfigurationPlatforms) = preSolution
		Debug|Any CPU = Debug|Any CPU
		Release|Any CPU = Release|Any CPU
	EndGlobalSection
	GlobalSection(ProjectConfigurationPlatforms) = postSolution
		{168A3D5A-92F9-4F69-A50A-82CF1E20DA32}.Debug|Any CPU.ActiveCfg = Debug|Any CPU
		{168A3D5A-92F9-4F69-A50A-82CF1E20DA32}.Debug|Any CPU.Build.0 = Debug|Any CPU
		{168A3D5A-92F9-4F69-A50A-82CF1E20DA32}.Release|Any CPU.ActiveCfg = Release|Any CPU
		{168A3D5A-92F9-4F69-A50A-82CF1E20DA32}.Release|Any CPU.Build.0 = Release|Any CPU
		{D63FDC3B-8388-4BA3-8F43-86F199451874}.Debug|Any CPU.ActiveCfg = Debug|Any CPU
		{D63FDC3B-8388-4BA3-8F43-86F199451874}.Debug|Any CPU.Build.0 = Debug|Any CPU
		{D63FDC3B-8388-4BA3-8F43-86F199451874}.Release|Any CPU.ActiveCfg = Release|Any CPU
		{D63FDC3B-8388-4BA3-8F43-86F199451874}.Release|Any CPU.Build.0 = Release|Any CPU
		{A47ABB73-D0D2-408B-A59E-3A41BA32ABFB}.Debug|Any CPU.ActiveCfg = Debug|Any CPU
		{A47ABB73-D0D2-408B-A59E-3A41BA32ABFB}.Debug|Any CPU.Build.0 = Debug|Any CPU
		{A47ABB73-D0D2-408B-A59E-3A41BA32ABFB}.Release|Any CPU.ActiveCfg = Release|Any CPU
		{A47ABB73-D0D2-408B-A59E-3A41BA32ABFB}.Release|Any CPU.Build.0 = Release|Any CPU
		{982D42E8-A202-48BF-A26D-E57EC11878FD}.Debug|Any CPU.ActiveCfg = Debug|Any CPU
		{982D42E8-A202-48BF-A26D-E57EC11878FD}.Debug|Any CPU.Build.0 = Debug|Any CPU
		{982D42E8-A202-48BF-A26D-E57EC11878FD}.Release|Any CPU.ActiveCfg = Release|Any CPU
		{982D42E8-A202-48BF-A26D-E57EC11878FD}.Release|Any CPU.Build.0 = Release|Any CPU
	EndGlobalSection
	GlobalSection(SolutionProperties) = preSolution
		HideSolutionNode = FALSE
	EndGlobalSection
	GlobalSection(ExtensibilityGlobals) = postSolution
		SolutionGuid = {4627144E-5B7C-4AC0-A28B-F833F0E138E2}
	EndGlobalSection
EndGlobal
